$ANSIBLE_VAULT;1.1;AES256
65366637316531653561663364353335666432303563366535396538396538343261656630356565
3837326236393761616634646464303863386131663866640a366532666135353736623530373661
63633032663639336265656538623465393965366462313466373537373063383466396466643638
6266303561393165640a326631306633396464643334663765613063303031353063643238326531
34396433613065313734333534313238376331383239366135663561363366383633
